// !$*UTF8*$!
{
	archiveVersion = 1;
	classes = {
	};
	objectVersion = 50;
	objects = {

/* Begin PBXBuildFile section */
		CD233C1C21011C4F0017A5E6 /* Progressable.swift in Sources */ = {isa = PBXBuildFile; fileRef = CD233C1B21011C4F0017A5E6 /* Progressable.swift */; };
		CD233C202105EC4F0017A5E6 /* Alertable.swift in Sources */ = {isa = PBXBuildFile; fileRef = CD233C1F2105EC4F0017A5E6 /* Alertable.swift */; };
		CD31903F21078A4E005A6517 /* ShowDetails.storyboard in Resources */ = {isa = PBXBuildFile; fileRef = CD31903E21078A4E005A6517 /* ShowDetails.storyboard */; };
		CD31904121078A5D005A6517 /* ShowDetailsViewController.swift in Sources */ = {isa = PBXBuildFile; fileRef = CD31904021078A5D005A6517 /* ShowDetailsViewController.swift */; };
		CD31904321078C9C005A6517 /* Episode.swift in Sources */ = {isa = PBXBuildFile; fileRef = CD31904221078C9C005A6517 /* Episode.swift */; };
		CD7B7F7220FE9A30008FBA0E /* CodableAlamofire+Promise.swift in Sources */ = {isa = PBXBuildFile; fileRef = CD7B7F7120FE9A30008FBA0E /* CodableAlamofire+Promise.swift */; };
		CD8493CB20F2A21B00873A10 /* Login.storyboard in Resources */ = {isa = PBXBuildFile; fileRef = CD8493CA20F2A21B00873A10 /* Login.storyboard */; };
		CD8493CD20F2A24D00873A10 /* LoginViewController.swift in Sources */ = {isa = PBXBuildFile; fileRef = CD8493CC20F2A24D00873A10 /* LoginViewController.swift */; };
		CDA07E2620EE6F44005118C8 /* AppDelegate.swift in Sources */ = {isa = PBXBuildFile; fileRef = CDA07E2520EE6F44005118C8 /* AppDelegate.swift */; };
		CDA07E2D20EE6F45005118C8 /* Assets.xcassets in Resources */ = {isa = PBXBuildFile; fileRef = CDA07E2C20EE6F45005118C8 /* Assets.xcassets */; };
		CDA07E3020EE6F45005118C8 /* LaunchScreen.storyboard in Resources */ = {isa = PBXBuildFile; fileRef = CDA07E2E20EE6F45005118C8 /* LaunchScreen.storyboard */; };
		CDC70A7820FE5C6F004AF82E /* Home.storyboard in Resources */ = {isa = PBXBuildFile; fileRef = CDC70A7720FE5C6F004AF82E /* Home.storyboard */; };
		CDC70A7A20FE5E0F004AF82E /* HomeViewController.swift in Sources */ = {isa = PBXBuildFile; fileRef = CDC70A7920FE5E0F004AF82E /* HomeViewController.swift */; };
		CDE4E1E420FE73BF0099B515 /* User.swift in Sources */ = {isa = PBXBuildFile; fileRef = CDE4E1E320FE73BF0099B515 /* User.swift */; };
		CDE4E1E720FE82920099B515 /* APIManager.swift in Sources */ = {isa = PBXBuildFile; fileRef = CDE4E1E620FE82920099B515 /* APIManager.swift */; };
		CDEA240C20FFD8A600B8A60A /* Show.swift in Sources */ = {isa = PBXBuildFile; fileRef = CDEA240B20FFD8A600B8A60A /* Show.swift */; };
		CDEA240E20FFDDA400B8A60A /* ShowTableViewCell.swift in Sources */ = {isa = PBXBuildFile; fileRef = CDEA240D20FFDDA400B8A60A /* ShowTableViewCell.swift */; };
		D67BBFE0FC41A2D0CD985457 /* Pods_TVShows.framework in Frameworks */ = {isa = PBXBuildFile; fileRef = 7595E7C63A278ED3E6C79C78 /* Pods_TVShows.framework */; };
/* End PBXBuildFile section */

/* Begin PBXFileReference section */
		1AC5FC6214EFBFEDCE83D5E0 /* Pods-TVShows.debug.xcconfig */ = {isa = PBXFileReference; includeInIndex = 1; lastKnownFileType = text.xcconfig; name = "Pods-TVShows.debug.xcconfig"; path = "Pods/Target Support Files/Pods-TVShows/Pods-TVShows.debug.xcconfig"; sourceTree = "<group>"; };
		5C0A244D58D05B794BCE0F0B /* Pods-TVShows.release.xcconfig */ = {isa = PBXFileReference; includeInIndex = 1; lastKnownFileType = text.xcconfig; name = "Pods-TVShows.release.xcconfig"; path = "Pods/Target Support Files/Pods-TVShows/Pods-TVShows.release.xcconfig"; sourceTree = "<group>"; };
		7595E7C63A278ED3E6C79C78 /* Pods_TVShows.framework */ = {isa = PBXFileReference; explicitFileType = wrapper.framework; includeInIndex = 0; path = Pods_TVShows.framework; sourceTree = BUILT_PRODUCTS_DIR; };
		CD233C1B21011C4F0017A5E6 /* Progressable.swift */ = {isa = PBXFileReference; lastKnownFileType = sourcecode.swift; path = Progressable.swift; sourceTree = "<group>"; };
		CD233C1F2105EC4F0017A5E6 /* Alertable.swift */ = {isa = PBXFileReference; lastKnownFileType = sourcecode.swift; path = Alertable.swift; sourceTree = "<group>"; };
		CD31903E21078A4E005A6517 /* ShowDetails.storyboard */ = {isa = PBXFileReference; lastKnownFileType = file.storyboard; path = ShowDetails.storyboard; sourceTree = "<group>"; };
		CD31904021078A5D005A6517 /* ShowDetailsViewController.swift */ = {isa = PBXFileReference; lastKnownFileType = sourcecode.swift; path = ShowDetailsViewController.swift; sourceTree = "<group>"; };
		CD31904221078C9C005A6517 /* Episode.swift */ = {isa = PBXFileReference; lastKnownFileType = sourcecode.swift; path = Episode.swift; sourceTree = "<group>"; };
		CD7B7F7120FE9A30008FBA0E /* CodableAlamofire+Promise.swift */ = {isa = PBXFileReference; lastKnownFileType = sourcecode.swift; path = "CodableAlamofire+Promise.swift"; sourceTree = "<group>"; };
		CD8493CA20F2A21B00873A10 /* Login.storyboard */ = {isa = PBXFileReference; lastKnownFileType = file.storyboard; path = Login.storyboard; sourceTree = "<group>"; };
		CD8493CC20F2A24D00873A10 /* LoginViewController.swift */ = {isa = PBXFileReference; lastKnownFileType = sourcecode.swift; path = LoginViewController.swift; sourceTree = "<group>"; };
		CDA07E2220EE6F44005118C8 /* TVShows.app */ = {isa = PBXFileReference; explicitFileType = wrapper.application; includeInIndex = 0; path = TVShows.app; sourceTree = BUILT_PRODUCTS_DIR; };
		CDA07E2520EE6F44005118C8 /* AppDelegate.swift */ = {isa = PBXFileReference; lastKnownFileType = sourcecode.swift; path = AppDelegate.swift; sourceTree = "<group>"; };
		CDA07E2C20EE6F45005118C8 /* Assets.xcassets */ = {isa = PBXFileReference; lastKnownFileType = folder.assetcatalog; path = Assets.xcassets; sourceTree = "<group>"; };
		CDA07E2F20EE6F45005118C8 /* Base */ = {isa = PBXFileReference; lastKnownFileType = file.storyboard; name = Base; path = Base.lproj/LaunchScreen.storyboard; sourceTree = "<group>"; };
		CDA07E3120EE6F45005118C8 /* Info.plist */ = {isa = PBXFileReference; lastKnownFileType = text.plist.xml; path = Info.plist; sourceTree = "<group>"; };
		CDC70A7720FE5C6F004AF82E /* Home.storyboard */ = {isa = PBXFileReference; lastKnownFileType = file.storyboard; path = Home.storyboard; sourceTree = "<group>"; };
		CDC70A7920FE5E0F004AF82E /* HomeViewController.swift */ = {isa = PBXFileReference; lastKnownFileType = sourcecode.swift; path = HomeViewController.swift; sourceTree = "<group>"; };
		CDE4E1E320FE73BF0099B515 /* User.swift */ = {isa = PBXFileReference; lastKnownFileType = sourcecode.swift; path = User.swift; sourceTree = "<group>"; };
		CDE4E1E620FE82920099B515 /* APIManager.swift */ = {isa = PBXFileReference; lastKnownFileType = sourcecode.swift; path = APIManager.swift; sourceTree = "<group>"; };
		CDEA240B20FFD8A600B8A60A /* Show.swift */ = {isa = PBXFileReference; lastKnownFileType = sourcecode.swift; path = Show.swift; sourceTree = "<group>"; };
		CDEA240D20FFDDA400B8A60A /* ShowTableViewCell.swift */ = {isa = PBXFileReference; lastKnownFileType = sourcecode.swift; path = ShowTableViewCell.swift; sourceTree = "<group>"; };
/* End PBXFileReference section */

/* Begin PBXFrameworksBuildPhase section */
		CDA07E1F20EE6F44005118C8 /* Frameworks */ = {
			isa = PBXFrameworksBuildPhase;
			buildActionMask = 2147483647;
			files = (
				D67BBFE0FC41A2D0CD985457 /* Pods_TVShows.framework in Frameworks */,
			);
			runOnlyForDeploymentPostprocessing = 0;
		};
/* End PBXFrameworksBuildPhase section */

/* Begin PBXGroup section */
		7C595491366874B1D3DE9189 /* Pods */ = {
			isa = PBXGroup;
			children = (
				1AC5FC6214EFBFEDCE83D5E0 /* Pods-TVShows.debug.xcconfig */,
				5C0A244D58D05B794BCE0F0B /* Pods-TVShows.release.xcconfig */,
			);
			name = Pods;
			sourceTree = "<group>";
		};
		A2B9B25FD8594686C04962BD /* Frameworks */ = {
			isa = PBXGroup;
			children = (
				7595E7C63A278ED3E6C79C78 /* Pods_TVShows.framework */,
			);
			name = Frameworks;
			sourceTree = "<group>";
		};
		CD233C1A21011C3D0017A5E6 /* Common */ = {
			isa = PBXGroup;
			children = (
				CD233C1B21011C4F0017A5E6 /* Progressable.swift */,
				CD233C1F2105EC4F0017A5E6 /* Alertable.swift */,
			);
			path = Common;
			sourceTree = "<group>";
		};
		CD31903D21078A3C005A6517 /* ShowDetails */ = {
			isa = PBXGroup;
			children = (
				CD31903E21078A4E005A6517 /* ShowDetails.storyboard */,
				CD31904021078A5D005A6517 /* ShowDetailsViewController.swift */,
			);
			path = ShowDetails;
			sourceTree = "<group>";
		};
		CD8493C920F2A1F900873A10 /* Login */ = {
			isa = PBXGroup;
			children = (
				CD8493CA20F2A21B00873A10 /* Login.storyboard */,
				CD8493CC20F2A24D00873A10 /* LoginViewController.swift */,
			);
			path = Login;
			sourceTree = "<group>";
		};
		CDA07E1920EE6F44005118C8 = {
			isa = PBXGroup;
			children = (
				CDA07E2420EE6F44005118C8 /* TVShows */,
				CDA07E2320EE6F44005118C8 /* Products */,
				7C595491366874B1D3DE9189 /* Pods */,
				A2B9B25FD8594686C04962BD /* Frameworks */,
			);
			sourceTree = "<group>";
		};
		CDA07E2320EE6F44005118C8 /* Products */ = {
			isa = PBXGroup;
			children = (
				CDA07E2220EE6F44005118C8 /* TVShows.app */,
			);
			name = Products;
			sourceTree = "<group>";
		};
		CDA07E2420EE6F44005118C8 /* TVShows */ = {
			isa = PBXGroup;
			children = (
				CD233C1A21011C3D0017A5E6 /* Common */,
				CDEA240A20FFD84600B8A60A /* Model */,
				CDE4E1E520FE82720099B515 /* API */,
				CDC70A7620FE5C51004AF82E /* Home */,
				CD8493C920F2A1F900873A10 /* Login */,
				CDA07E2520EE6F44005118C8 /* AppDelegate.swift */,
				CDA07E2C20EE6F45005118C8 /* Assets.xcassets */,
				CDA07E2E20EE6F45005118C8 /* LaunchScreen.storyboard */,
				CDA07E3120EE6F45005118C8 /* Info.plist */,
			);
			path = TVShows;
			sourceTree = "<group>";
		};
		CDC70A7620FE5C51004AF82E /* Home */ = {
			isa = PBXGroup;
			children = (
				CD31903D21078A3C005A6517 /* ShowDetails */,
				CDC70A7720FE5C6F004AF82E /* Home.storyboard */,
				CDC70A7920FE5E0F004AF82E /* HomeViewController.swift */,
				CDEA240D20FFDDA400B8A60A /* ShowTableViewCell.swift */,
			);
			path = Home;
			sourceTree = "<group>";
		};
		CDE4E1E520FE82720099B515 /* API */ = {
			isa = PBXGroup;
			children = (
				CDE4E1E620FE82920099B515 /* APIManager.swift */,
				CD7B7F7120FE9A30008FBA0E /* CodableAlamofire+Promise.swift */,
			);
			path = API;
			sourceTree = "<group>";
		};
		CDEA240A20FFD84600B8A60A /* Model */ = {
			isa = PBXGroup;
			children = (
				CDE4E1E320FE73BF0099B515 /* User.swift */,
				CDEA240B20FFD8A600B8A60A /* Show.swift */,
				CD31904221078C9C005A6517 /* Episode.swift */,
			);
			path = Model;
			sourceTree = "<group>";
		};
/* End PBXGroup section */

/* Begin PBXNativeTarget section */
		CDA07E2120EE6F44005118C8 /* TVShows */ = {
			isa = PBXNativeTarget;
			buildConfigurationList = CDA07E3420EE6F45005118C8 /* Build configuration list for PBXNativeTarget "TVShows" */;
			buildPhases = (
				5D9FF09F8FCD7DFF8B9FAFEF /* [CP] Check Pods Manifest.lock */,
				CDA07E1E20EE6F44005118C8 /* Sources */,
				CDA07E1F20EE6F44005118C8 /* Frameworks */,
				CDA07E2020EE6F44005118C8 /* Resources */,
				50499E41CB2E535ABAC87810 /* [CP] Embed Pods Frameworks */,
			);
			buildRules = (
			);
			dependencies = (
			);
			name = TVShows;
			productName = TVShows;
			productReference = CDA07E2220EE6F44005118C8 /* TVShows.app */;
			productType = "com.apple.product-type.application";
		};
/* End PBXNativeTarget section */

/* Begin PBXProject section */
		CDA07E1A20EE6F44005118C8 /* Project object */ = {
			isa = PBXProject;
			attributes = {
				LastSwiftUpdateCheck = 0940;
				LastUpgradeCheck = 0940;
				ORGANIZATIONNAME = "Jure Čular";
				TargetAttributes = {
					CDA07E2120EE6F44005118C8 = {
						CreatedOnToolsVersion = 9.4.1;
					};
				};
			};
			buildConfigurationList = CDA07E1D20EE6F44005118C8 /* Build configuration list for PBXProject "TVShows" */;
			compatibilityVersion = "Xcode 9.3";
			developmentRegion = en;
			hasScannedForEncodings = 0;
			knownRegions = (
				en,
				Base,
			);
			mainGroup = CDA07E1920EE6F44005118C8;
			productRefGroup = CDA07E2320EE6F44005118C8 /* Products */;
			projectDirPath = "";
			projectRoot = "";
			targets = (
				CDA07E2120EE6F44005118C8 /* TVShows */,
			);
		};
/* End PBXProject section */

/* Begin PBXResourcesBuildPhase section */
		CDA07E2020EE6F44005118C8 /* Resources */ = {
			isa = PBXResourcesBuildPhase;
			buildActionMask = 2147483647;
			files = (
				CDA07E3020EE6F45005118C8 /* LaunchScreen.storyboard in Resources */,
				CDA07E2D20EE6F45005118C8 /* Assets.xcassets in Resources */,
				CD8493CB20F2A21B00873A10 /* Login.storyboard in Resources */,
				CD31903F21078A4E005A6517 /* ShowDetails.storyboard in Resources */,
				CDC70A7820FE5C6F004AF82E /* Home.storyboard in Resources */,
			);
			runOnlyForDeploymentPostprocessing = 0;
		};
/* End PBXResourcesBuildPhase section */

/* Begin PBXShellScriptBuildPhase section */
		50499E41CB2E535ABAC87810 /* [CP] Embed Pods Frameworks */ = {
			isa = PBXShellScriptBuildPhase;
			buildActionMask = 2147483647;
			files = (
			);
			inputPaths = (
				"${SRCROOT}/Pods/Target Support Files/Pods-TVShows/Pods-TVShows-frameworks.sh",
				"${BUILT_PRODUCTS_DIR}/Alamofire/Alamofire.framework",
				"${BUILT_PRODUCTS_DIR}/CodableAlamofire/CodableAlamofire.framework",
				"${BUILT_PRODUCTS_DIR}/PromiseKit/PromiseKit.framework",
				"${BUILT_PRODUCTS_DIR}/SVProgressHUD/SVProgressHUD.framework",
			);
			name = "[CP] Embed Pods Frameworks";
			outputPaths = (
				"${TARGET_BUILD_DIR}/${FRAMEWORKS_FOLDER_PATH}/Alamofire.framework",
				"${TARGET_BUILD_DIR}/${FRAMEWORKS_FOLDER_PATH}/CodableAlamofire.framework",
				"${TARGET_BUILD_DIR}/${FRAMEWORKS_FOLDER_PATH}/PromiseKit.framework",
				"${TARGET_BUILD_DIR}/${FRAMEWORKS_FOLDER_PATH}/SVProgressHUD.framework",
			);
			runOnlyForDeploymentPostprocessing = 0;
			shellPath = /bin/sh;
			shellScript = "\"${SRCROOT}/Pods/Target Support Files/Pods-TVShows/Pods-TVShows-frameworks.sh\"\n";
			showEnvVarsInLog = 0;
		};
		5D9FF09F8FCD7DFF8B9FAFEF /* [CP] Check Pods Manifest.lock */ = {
			isa = PBXShellScriptBuildPhase;
			buildActionMask = 2147483647;
			files = (
			);
			inputPaths = (
				"${PODS_PODFILE_DIR_PATH}/Podfile.lock",
				"${PODS_ROOT}/Manifest.lock",
			);
			name = "[CP] Check Pods Manifest.lock";
			outputPaths = (
				"$(DERIVED_FILE_DIR)/Pods-TVShows-checkManifestLockResult.txt",
			);
			runOnlyForDeploymentPostprocessing = 0;
			shellPath = /bin/sh;
			shellScript = "diff \"${PODS_PODFILE_DIR_PATH}/Podfile.lock\" \"${PODS_ROOT}/Manifest.lock\" > /dev/null\nif [ $? != 0 ] ; then\n    # print error to STDERR\n    echo \"error: The sandbox is not in sync with the Podfile.lock. Run 'pod install' or update your CocoaPods installation.\" >&2\n    exit 1\nfi\n# This output is used by Xcode 'outputs' to avoid re-running this script phase.\necho \"SUCCESS\" > \"${SCRIPT_OUTPUT_FILE_0}\"\n";
			showEnvVarsInLog = 0;
		};
/* End PBXShellScriptBuildPhase section */

/* Begin PBXSourcesBuildPhase section */
		CDA07E1E20EE6F44005118C8 /* Sources */ = {
			isa = PBXSourcesBuildPhase;
			buildActionMask = 2147483647;
			files = (
				CD8493CD20F2A24D00873A10 /* LoginViewController.swift in Sources */,
				CD31904321078C9C005A6517 /* Episode.swift in Sources */,
				CD233C1C21011C4F0017A5E6 /* Progressable.swift in Sources */,
				CDA07E2620EE6F44005118C8 /* AppDelegate.swift in Sources */,
				CDE4E1E720FE82920099B515 /* APIManager.swift in Sources */,
				CD31904121078A5D005A6517 /* ShowDetailsViewController.swift in Sources */,
				CD233C202105EC4F0017A5E6 /* Alertable.swift in Sources */,
				CDE4E1E420FE73BF0099B515 /* User.swift in Sources */,
				CDEA240C20FFD8A600B8A60A /* Show.swift in Sources */,
				CDC70A7A20FE5E0F004AF82E /* HomeViewController.swift in Sources */,
				CDEA240E20FFDDA400B8A60A /* ShowTableViewCell.swift in Sources */,
				CD7B7F7220FE9A30008FBA0E /* CodableAlamofire+Promise.swift in Sources */,
			);
			runOnlyForDeploymentPostprocessing = 0;
		};
/* End PBXSourcesBuildPhase section */

/* Begin PBXVariantGroup section */
		CDA07E2E20EE6F45005118C8 /* LaunchScreen.storyboard */ = {
			isa = PBXVariantGroup;
			children = (
				CDA07E2F20EE6F45005118C8 /* Base */,
			);
			name = LaunchScreen.storyboard;
			sourceTree = "<group>";
		};
/* End PBXVariantGroup section */

/* Begin XCBuildConfiguration section */
		CDA07E3220EE6F45005118C8 /* Debug */ = {
			isa = XCBuildConfiguration;
			buildSettings = {
				ALWAYS_SEARCH_USER_PATHS = NO;
				CLANG_ANALYZER_NONNULL = YES;
				CLANG_ANALYZER_NUMBER_OBJECT_CONVERSION = YES_AGGRESSIVE;
				CLANG_CXX_LANGUAGE_STANDARD = "gnu++14";
				CLANG_CXX_LIBRARY = "libc++";
				CLANG_ENABLE_MODULES = YES;
				CLANG_ENABLE_OBJC_ARC = YES;
				CLANG_ENABLE_OBJC_WEAK = YES;
				CLANG_WARN_BLOCK_CAPTURE_AUTORELEASING = YES;
				CLANG_WARN_BOOL_CONVERSION = YES;
				CLANG_WARN_COMMA = YES;
				CLANG_WARN_CONSTANT_CONVERSION = YES;
				CLANG_WARN_DEPRECATED_OBJC_IMPLEMENTATIONS = YES;
				CLANG_WARN_DIRECT_OBJC_ISA_USAGE = YES_ERROR;
				CLANG_WARN_DOCUMENTATION_COMMENTS = YES;
				CLANG_WARN_EMPTY_BODY = YES;
				CLANG_WARN_ENUM_CONVERSION = YES;
				CLANG_WARN_INFINITE_RECURSION = YES;
				CLANG_WARN_INT_CONVERSION = YES;
				CLANG_WARN_NON_LITERAL_NULL_CONVERSION = YES;
				CLANG_WARN_OBJC_IMPLICIT_RETAIN_SELF = YES;
				CLANG_WARN_OBJC_LITERAL_CONVERSION = YES;
				CLANG_WARN_OBJC_ROOT_CLASS = YES_ERROR;
				CLANG_WARN_RANGE_LOOP_ANALYSIS = YES;
				CLANG_WARN_STRICT_PROTOTYPES = YES;
				CLANG_WARN_SUSPICIOUS_MOVE = YES;
				CLANG_WARN_UNGUARDED_AVAILABILITY = YES_AGGRESSIVE;
				CLANG_WARN_UNREACHABLE_CODE = YES;
				CLANG_WARN__DUPLICATE_METHOD_MATCH = YES;
				CODE_SIGN_IDENTITY = "iPhone Developer";
				COPY_PHASE_STRIP = NO;
				DEBUG_INFORMATION_FORMAT = dwarf;
				ENABLE_STRICT_OBJC_MSGSEND = YES;
				ENABLE_TESTABILITY = YES;
				GCC_C_LANGUAGE_STANDARD = gnu11;
				GCC_DYNAMIC_NO_PIC = NO;
				GCC_NO_COMMON_BLOCKS = YES;
				GCC_OPTIMIZATION_LEVEL = 0;
				GCC_PREPROCESSOR_DEFINITIONS = (
					"DEBUG=1",
					"$(inherited)",
				);
				GCC_WARN_64_TO_32_BIT_CONVERSION = YES;
				GCC_WARN_ABOUT_RETURN_TYPE = YES_ERROR;
				GCC_WARN_UNDECLARED_SELECTOR = YES;
				GCC_WARN_UNINITIALIZED_AUTOS = YES_AGGRESSIVE;
				GCC_WARN_UNUSED_FUNCTION = YES;
				GCC_WARN_UNUSED_VARIABLE = YES;
				IPHONEOS_DEPLOYMENT_TARGET = 11.4;
				MTL_ENABLE_DEBUG_INFO = YES;
				ONLY_ACTIVE_ARCH = YES;
				SDKROOT = iphoneos;
				SWIFT_ACTIVE_COMPILATION_CONDITIONS = DEBUG;
				SWIFT_OPTIMIZATION_LEVEL = "-Onone";
			};
			name = Debug;
		};
		CDA07E3320EE6F45005118C8 /* Release */ = {
			isa = XCBuildConfiguration;
			buildSettings = {
				ALWAYS_SEARCH_USER_PATHS = NO;
				CLANG_ANALYZER_NONNULL = YES;
				CLANG_ANALYZER_NUMBER_OBJECT_CONVERSION = YES_AGGRESSIVE;
				CLANG_CXX_LANGUAGE_STANDARD = "gnu++14";
				CLANG_CXX_LIBRARY = "libc++";
				CLANG_ENABLE_MODULES = YES;
				CLANG_ENABLE_OBJC_ARC = YES;
				CLANG_ENABLE_OBJC_WEAK = YES;
				CLANG_WARN_BLOCK_CAPTURE_AUTORELEASING = YES;
				CLANG_WARN_BOOL_CONVERSION = YES;
				CLANG_WARN_COMMA = YES;
				CLANG_WARN_CONSTANT_CONVERSION = YES;
				CLANG_WARN_DEPRECATED_OBJC_IMPLEMENTATIONS = YES;
				CLANG_WARN_DIRECT_OBJC_ISA_USAGE = YES_ERROR;
				CLANG_WARN_DOCUMENTATION_COMMENTS = YES;
				CLANG_WARN_EMPTY_BODY = YES;
				CLANG_WARN_ENUM_CONVERSION = YES;
				CLANG_WARN_INFINITE_RECURSION = YES;
				CLANG_WARN_INT_CONVERSION = YES;
				CLANG_WARN_NON_LITERAL_NULL_CONVERSION = YES;
				CLANG_WARN_OBJC_IMPLICIT_RETAIN_SELF = YES;
				CLANG_WARN_OBJC_LITERAL_CONVERSION = YES;
				CLANG_WARN_OBJC_ROOT_CLASS = YES_ERROR;
				CLANG_WARN_RANGE_LOOP_ANALYSIS = YES;
				CLANG_WARN_STRICT_PROTOTYPES = YES;
				CLANG_WARN_SUSPICIOUS_MOVE = YES;
				CLANG_WARN_UNGUARDED_AVAILABILITY = YES_AGGRESSIVE;
				CLANG_WARN_UNREACHABLE_CODE = YES;
				CLANG_WARN__DUPLICATE_METHOD_MATCH = YES;
				CODE_SIGN_IDENTITY = "iPhone Developer";
				COPY_PHASE_STRIP = NO;
				DEBUG_INFORMATION_FORMAT = "dwarf-with-dsym";
				ENABLE_NS_ASSERTIONS = NO;
				ENABLE_STRICT_OBJC_MSGSEND = YES;
				GCC_C_LANGUAGE_STANDARD = gnu11;
				GCC_NO_COMMON_BLOCKS = YES;
				GCC_WARN_64_TO_32_BIT_CONVERSION = YES;
				GCC_WARN_ABOUT_RETURN_TYPE = YES_ERROR;
				GCC_WARN_UNDECLARED_SELECTOR = YES;
				GCC_WARN_UNINITIALIZED_AUTOS = YES_AGGRESSIVE;
				GCC_WARN_UNUSED_FUNCTION = YES;
				GCC_WARN_UNUSED_VARIABLE = YES;
				IPHONEOS_DEPLOYMENT_TARGET = 11.4;
				MTL_ENABLE_DEBUG_INFO = NO;
				SDKROOT = iphoneos;
				SWIFT_COMPILATION_MODE = wholemodule;
				SWIFT_OPTIMIZATION_LEVEL = "-O";
				VALIDATE_PRODUCT = YES;
			};
			name = Release;
		};
		CDA07E3520EE6F45005118C8 /* Debug */ = {
			isa = XCBuildConfiguration;
			baseConfigurationReference = 1AC5FC6214EFBFEDCE83D5E0 /* Pods-TVShows.debug.xcconfig */;
			buildSettings = {
				ASSETCATALOG_COMPILER_APPICON_NAME = AppIcon;
				CODE_SIGN_STYLE = Automatic;
				DEVELOPMENT_TEAM = 67Z8CD63L2;
				INFOPLIST_FILE = TVShows/Info.plist;
				LD_RUNPATH_SEARCH_PATHS = (
					"$(inherited)",
					"@executable_path/Frameworks",
				);
				PRODUCT_BUNDLE_IDENTIFIER = hr.jcular.TVShows;
				PRODUCT_NAME = "$(TARGET_NAME)";
				SWIFT_VERSION = 4.0;
				TARGETED_DEVICE_FAMILY = "1,2";
			};
			name = Debug;
		};
		CDA07E3620EE6F45005118C8 /* Release */ = {
			isa = XCBuildConfiguration;
			baseConfigurationReference = 5C0A244D58D05B794BCE0F0B /* Pods-TVShows.release.xcconfig */;
			buildSettings = {
				ASSETCATALOG_COMPILER_APPICON_NAME = AppIcon;
				CODE_SIGN_STYLE = Automatic;
				DEVELOPMENT_TEAM = 67Z8CD63L2;
				INFOPLIST_FILE = TVShows/Info.plist;
				LD_RUNPATH_SEARCH_PATHS = (
					"$(inherited)",
					"@executable_path/Frameworks",
				);
				PRODUCT_BUNDLE_IDENTIFIER = hr.jcular.TVShows;
				PRODUCT_NAME = "$(TARGET_NAME)";
				SWIFT_VERSION = 4.0;
				TARGETED_DEVICE_FAMILY = "1,2";
			};
			name = Release;
		};
/* End XCBuildConfiguration section */

/* Begin XCConfigurationList section */
		CDA07E1D20EE6F44005118C8 /* Build configuration list for PBXProject "TVShows" */ = {
			isa = XCConfigurationList;
			buildConfigurations = (
				CDA07E3220EE6F45005118C8 /* Debug */,
				CDA07E3320EE6F45005118C8 /* Release */,
			);
			defaultConfigurationIsVisible = 0;
			defaultConfigurationName = Release;
		};
		CDA07E3420EE6F45005118C8 /* Build configuration list for PBXNativeTarget "TVShows" */ = {
			isa = XCConfigurationList;
			buildConfigurations = (
				CDA07E3520EE6F45005118C8 /* Debug */,
				CDA07E3620EE6F45005118C8 /* Release */,
			);
			defaultConfigurationIsVisible = 0;
			defaultConfigurationName = Release;
		};
/* End XCConfigurationList section */
	};
	rootObject = CDA07E1A20EE6F44005118C8 /* Project object */;
}
